// !$*UTF8*$!
{
	archiveVersion = 1;
	classes = {
	};
	objectVersion = 46;
	objects = {

/* Begin PBXBuildFile section */
		4BDDB3CA1CA5393600A9D998 /* AppDelegate.swift in Sources */ = {isa = PBXBuildFile; fileRef = 4BDDB3C91CA5393600A9D998 /* AppDelegate.swift */; };
		4BDDB3CC1CA5393600A9D998 /* ViewController.swift in Sources */ = {isa = PBXBuildFile; fileRef = 4BDDB3CB1CA5393600A9D998 /* ViewController.swift */; };
		4BDDB3CF1CA5393600A9D998 /* Main.storyboard in Resources */ = {isa = PBXBuildFile; fileRef = 4BDDB3CD1CA5393600A9D998 /* Main.storyboard */; };
		4BDDB3D11CA5393600A9D998 /* Assets.xcassets in Resources */ = {isa = PBXBuildFile; fileRef = 4BDDB3D01CA5393600A9D998 /* Assets.xcassets */; };
		4BDDB3D41CA5393600A9D998 /* LaunchScreen.storyboard in Resources */ = {isa = PBXBuildFile; fileRef = 4BDDB3D21CA5393600A9D998 /* LaunchScreen.storyboard */; };
/* End PBXBuildFile section */

/* Begin PBXFileReference section */
		4BDDB3C61CA5393600A9D998 /* swift-UI.app */ = {isa = PBXFileReference; explicitFileType = wrapper.application; includeInIndex = 0; path = "swift-UI.app"; sourceTree = BUILT_PRODUCTS_DIR; };
		4BDDB3C91CA5393600A9D998 /* AppDelegate.swift */ = {isa = PBXFileReference; lastKnownFileType = sourcecode.swift; path = AppDelegate.swift; sourceTree = "<group>"; };
		4BDDB3CB1CA5393600A9D998 /* ViewController.swift */ = {isa = PBXFileReference; lastKnownFileType = sourcecode.swift; path = ViewController.swift; sourceTree = "<group>"; };
		4BDDB3CE1CA5393600A9D998 /* Base */ = {isa = PBXFileReference; lastKnownFileType = file.storyboard; name = Base; path = Base.lproj/Main.storyboard; sourceTree = "<group>"; };
		4BDDB3D01CA5393600A9D998 /* Assets.xcassets */ = {isa = PBXFileReference; lastKnownFileType = folder.assetcatalog; path = Assets.xcassets; sourceTree = "<group>"; };
		4BDDB3D31CA5393600A9D998 /* Base */ = {isa = PBXFileReference; lastKnownFileType = file.storyboard; name = Base; path = Base.lproj/LaunchScreen.storyboard; sourceTree = "<group>"; };
		4BDDB3D51CA5393600A9D998 /* Info.plist */ = {isa = PBXFileReference; lastKnownFileType = text.plist.xml; path = Info.plist; sourceTree = "<group>"; };
/* End PBXFileReference section */

/* Begin PBXFrameworksBuildPhase section */
		4BDDB3C31CA5393600A9D998 /* Frameworks */ = {
			isa = PBXFrameworksBuildPhase;
			buildActionMask = 2147483647;
			files = (
			);
			runOnlyForDeploymentPostprocessing = 0;
		};
/* End PBXFrameworksBuildPhase section */

/* Begin PBXGroup section */
		4BDDB3BD1CA5393600A9D998 = {
			isa = PBXGroup;
			children = (
				4BDDB3C81CA5393600A9D998 /* swift-UI */,
				4BDDB3C71CA5393600A9D998 /* Products */,
			);
			sourceTree = "<group>";
		};
		4BDDB3C71CA5393600A9D998 /* Products */ = {
			isa = PBXGroup;
			children = (
				4BDDB3C61CA5393600A9D998 /* swift-UI.app */,
			);
			name = Products;
			sourceTree = "<group>";
		};
		4BDDB3C81CA5393600A9D998 /* swift-UI */ = {
			isa = PBXGroup;
			children = (
				4BDDB3C91CA5393600A9D998 /* AppDelegate.swift */,
				4BDDB3CB1CA5393600A9D998 /* ViewController.swift */,
				4BDDB3CD1CA5393600A9D998 /* Main.storyboard */,
				4BDDB3D01CA5393600A9D998 /* Assets.xcassets */,
				4BDDB3D21CA5393600A9D998 /* LaunchScreen.storyboard */,
				4BDDB3D51CA5393600A9D998 /* Info.plist */,
			);
			path = "swift-UI";
			sourceTree = "<group>";
		};
/* End PBXGroup section */

/* Begin PBXNativeTarget section */
		4BDDB3C51CA5393600A9D998 /* swift-UI */ = {
			isa = PBXNativeTarget;
			buildConfigurationList = 4BDDB3D81CA5393600A9D998 /* Build configuration list for PBXNativeTarget "swift-UI" */;
			buildPhases = (
				4BDDB3C21CA5393600A9D998 /* Sources */,
				4BDDB3C31CA5393600A9D998 /* Frameworks */,
				4BDDB3C41CA5393600A9D998 /* Resources */,
			);
			buildRules = (
			);
			dependencies = (
			);
			name = "swift-UI";
			productName = "swift-UI";
			productReference = 4BDDB3C61CA5393600A9D998 /* swift-UI.app */;
			productType = "com.apple.product-type.application";
		};
/* End PBXNativeTarget section */

/* Begin PBXProject section */
		4BDDB3BE1CA5393600A9D998 /* Project object */ = {
			isa = PBXProject;
			attributes = {
				LastSwiftUpdateCheck = 0720;
				LastUpgradeCheck = 0720;
				ORGANIZATIONNAME = Mercsjho;
				TargetAttributes = {
					4BDDB3C51CA5393600A9D998 = {
						CreatedOnToolsVersion = 7.2;
					};
				};
			};
			buildConfigurationList = 4BDDB3C11CA5393600A9D998 /* Build configuration list for PBXProject "swift-UI" */;
			compatibilityVersion = "Xcode 3.2";
			developmentRegion = English;
			hasScannedForEncodings = 0;
			knownRegions = (
				en,
				Base,
			);
			mainGroup = 4BDDB3BD1CA5393600A9D998;
			productRefGroup = 4BDDB3C71CA5393600A9D998 /* Products */;
			projectDirPath = "";
			projectRoot = "";
			targets = (
				4BDDB3C51CA5393600A9D998 /* swift-UI */,
			);
		};
/* End PBXProject section */

/* Begin PBXResourcesBuildPhase section */
		4BDDB3C41CA5393600A9D998 /* Resources */ = {
			isa = PBXResourcesBuildPhase;
			buildActionMask = 2147483647;
			files = (
				4BDDB3D41CA5393600A9D998 /* LaunchScreen.storyboard in Resources */,
				4BDDB3D11CA5393600A9D998 /* Assets.xcassets in Resources */,
				4BDDB3CF1CA5393600A9D998 /* Main.storyboard in Resources */,
			);
			runOnlyForDeploymentPostprocessing = 0;
		};
/* End PBXResourcesBuildPhase section */

/* Begin PBXSourcesBuildPhase section */
		4BDDB3C21CA5393600A9D998 /* Sources */ = {
			isa = PBXSourcesBuildPhase;
			buildActionMask = 2147483647;
			files = (
				4BDDB3CC1CA5393600A9D998 /* ViewController.swift in Sources */,
				4BDDB3CA1CA5393600A9D998 /* AppDelegate.swift in Sources */,
			);
			runOnlyForDeploymentPostprocessing = 0;
		};
/* End PBXSourcesBuildPhase section */

/* Begin PBXVariantGroup section */
		4BDDB3CD1CA5393600A9D998 /* Main.storyboard */ = {
			isa = PBXVariantGroup;
			children = (
				4BDDB3CE1CA5393600A9D998 /* Base */,
			);
			name = Main.storyboard;
			sourceTree = "<group>";
		};
		4BDDB3D21CA5393600A9D998 /* LaunchScreen.storyboard */ = {
			isa = PBXVariantGroup;
			children = (
				4BDDB3D31CA5393600A9D998 /* Base */,
			);
			name = LaunchScreen.storyboard;
			sourceTree = "<group>";
		};
/* End PBXVariantGroup section */

/* Begin XCBuildConfiguration section */
		4BDDB3D61CA5393600A9D998 /* Debug */ = {
			isa = XCBuildConfiguration;
			buildSettings = {
				ALWAYS_SEARCH_USER_PATHS = NO;
				CLANG_CXX_LANGUAGE_STANDARD = "gnu++0x";
				CLANG_CXX_LIBRARY = "libc++";
				CLANG_ENABLE_MODULES = YES;
				CLANG_ENABLE_OBJC_ARC = YES;
				CLANG_WARN_BOOL_CONVERSION = YES;
				CLANG_WARN_CONSTANT_CONVERSION = YES;
				CLANG_WARN_DIRECT_OBJC_ISA_USAGE = YES_ERROR;
				CLANG_WARN_EMPTY_BODY = YES;
				CLANG_WARN_ENUM_CONVERSION = YES;
				CLANG_WARN_INT_CONVERSION = YES;
				CLANG_WARN_OBJC_ROOT_CLASS = YES_ERROR;
				CLANG_WARN_UNREACHABLE_CODE = YES;
				CLANG_WARN__DUPLICATE_METHOD_MATCH = YES;
				"CODE_SIGN_IDENTITY[sdk=iphoneos*]" = "iPhone Developer";
				COPY_PHASE_STRIP = NO;
				DEBUG_INFORMATION_FORMAT = dwarf;
				ENABLE_STRICT_OBJC_MSGSEND = YES;
				ENABLE_TESTABILITY = YES;
				GCC_C_LANGUAGE_STANDARD = gnu99;
				GCC_DYNAMIC_NO_PIC = NO;
				GCC_NO_COMMON_BLOCKS = YES;
				GCC_OPTIMIZATION_LEVEL = 0;
				GCC_PREPROCESSOR_DEFINITIONS = (
					"DEBUG=1",
					"$(inherited)",
				);
				GCC_WARN_64_TO_32_BIT_CONVERSION = YES;
				GCC_WARN_ABOUT_RETURN_TYPE = YES_ERROR;
				GCC_WARN_UNDECLARED_SELECTOR = YES;
				GCC_WARN_UNINITIALIZED_AUTOS = YES_AGGRESSIVE;
				GCC_WARN_UNUSED_FUNCTION = YES;
				GCC_WARN_UNUSED_VARIABLE = YES;
				IPHONEOS_DEPLOYMENT_TARGET = 9.2;
				MTL_ENABLE_DEBUG_INFO = YES;
				ONLY_ACTIVE_ARCH = YES;
				SDKROOT = iphoneos;
				SWIFT_OPTIMIZATION_LEVEL = "-Onone";
			};
			name = Debug;
		};
		4BDDB3D71CA5393600A9D998 /* Release */ = {
			isa = XCBuildConfiguration;
			buildSettings = {
				ALWAYS_SEARCH_USER_PATHS = NO;
				CLANG_CXX_LANGUAGE_STANDARD = "gnu++0x";
				CLANG_CXX_LIBRARY = "libc++";
				CLANG_ENABLE_MODULES = YES;
				CLANG_ENABLE_OBJC_ARC = YES;
				CLANG_WARN_BOOL_CONVERSION = YES;
				CLANG_WARN_CONSTANT_CONVERSION = YES;
				CLANG_WARN_DIRECT_OBJC_ISA_USAGE = YES_ERROR;
				CLANG_WARN_EMPTY_BODY = YES;
				CLANG_WARN_ENUM_CONVERSION = YES;
				CLANG_WARN_INT_CONVERSION = YES;
				CLANG_WARN_OBJC_ROOT_CLASS = YES_ERROR;
				CLANG_WARN_UNREACHABLE_CODE = YES;
				CLANG_WARN__DUPLICATE_METHOD_MATCH = YES;
				"CODE_SIGN_IDENTITY[sdk=iphoneos*]" = "iPhone Developer";
				COPY_PHASE_STRIP = NO;
				DEBUG_INFORMATION_FORMAT = "dwarf-with-dsym";
				ENABLE_NS_ASSERTIONS = NO;
				ENABLE_STRICT_OBJC_MSGSEND = YES;
				GCC_C_LANGUAGE_STANDARD = gnu99;
				GCC_NO_COMMON_BLOCKS = YES;
				GCC_WARN_64_TO_32_BIT_CONVERSION = YES;
				GCC_WARN_ABOUT_RETURN_TYPE = YES_ERROR;
				GCC_WARN_UNDECLARED_SELECTOR = YES;
				GCC_WARN_UNINITIALIZED_AUTOS = YES_AGGRESSIVE;
				GCC_WARN_UNUSED_FUNCTION = YES;
				GCC_WARN_UNUSED_VARIABLE = YES;
				IPHONEOS_DEPLOYMENT_TARGET = 9.2;
				MTL_ENABLE_DEBUG_INFO = NO;
				SDKROOT = iphoneos;
				VALIDATE_PRODUCT = YES;
			};
			name = Release;
		};
		4BDDB3D91CA5393600A9D998 /* Debug */ = {
			isa = XCBuildConfiguration;
			buildSettings = {
				ASSETCATALOG_COMPILER_APPICON_NAME = AppIcon;
				INFOPLIST_FILE = "swift-UI/Info.plist";
				LD_RUNPATH_SEARCH_PATHS = "$(inherited) @executable_path/Frameworks";
				PRODUCT_BUNDLE_IDENTIFIER = "com.Mer.swift-UI";
				PRODUCT_NAME = "$(TARGET_NAME)";
			};
			name = Debug;
		};
		4BDDB3DA1CA5393600A9D998 /* Release */ = {
			isa = XCBuildConfiguration;
			buildSettings = {
				ASSETCATALOG_COMPILER_APPICON_NAME = AppIcon;
				INFOPLIST_FILE = "swift-UI/Info.plist";
				LD_RUNPATH_SEARCH_PATHS = "$(inherited) @executable_path/Frameworks";
				PRODUCT_BUNDLE_IDENTIFIER = "com.Mer.swift-UI";
				PRODUCT_NAME = "$(TARGET_NAME)";
			};
			name = Release;
		};
/* End XCBuildConfiguration section */

/* Begin XCConfigurationList section */
		4BDDB3C11CA5393600A9D998 /* Build configuration list for PBXProject "swift-UI" */ = {
			isa = XCConfigurationList;
			buildConfigurations = (
				4BDDB3D61CA5393600A9D998 /* Debug */,
				4BDDB3D71CA5393600A9D998 /* Release */,
			);
			defaultConfigurationIsVisible = 0;
			defaultConfigurationName = Release;
		};
		4BDDB3D81CA5393600A9D998 /* Build configuration list for PBXNativeTarget "swift-UI" */ = {
			isa = XCConfigurationList;
			buildConfigurations = (
				4BDDB3D91CA5393600A9D998 /* Debug */,
				4BDDB3DA1CA5393600A9D998 /* Release */,
			);
			defaultConfigurationIsVisible = 0;
		};
/* End XCConfigurationList section */
	};
	rootObject = 4BDDB3BE1CA5393600A9D998 /* Project object */;
}
